{
  "name": "browser",
  "version": "1.0.0",
  "lockfileVersion": 1,
  "requires": true,
  "dependencies": {
    "operationkit": {
      "version": "0.1.6",
      "resolved": "https://registry.npmjs.org/operationkit/-/operationkit-0.1.6.tgz",
      "integrity": "sha512-SuvnczMOPQmHW4zQaeiIlFzwR2pB5X92tJ3in+G38Vk4lwrLkJLpOTqhkGzah9xTsBK/uPV42iMYwU1vm/E6xA==",
      "requires": {
        "uuid": "^3.3.2"
      }
    },
    "uuid": {
      "version": "3.3.2",
      "resolved": "https://registry.npmjs.org/uuid/-/uuid-3.3.2.tgz",
      "integrity": "sha512-yXJmeNaw3DnnKAOKJE51sL/ZaYfWJRl1pK9dr19YFCu0ObS231AB1/LbqTKRAQ5kw8A90rA6fr4riOUpTZvQZA=="
    },
    "vue": {
      "version": "2.6.10",
      "resolved": "https://registry.npmjs.org/vue/-/vue-2.6.10.tgz",
      "integrity": "sha512-ImThpeNU9HbdZL3utgMCq0oiMzAkt1mcgy3/E6zWC/G6AaQoeuFdsl9nDhTDU3X1R6FK7nsIUuRACVcjI+A2GQ=="
    }
  }
}
